
Microsoft Visual Studio Solution File, Format Version 12.00
# Visual Studio Version 17
VisualStudioVersion = 17.4.33213.308
MinimumVisualStudioVersion = 10.0.40219.1
Project("{9A19103F-16F7-4668-BE54-9A1E7A4F7556}") = "Randomizer.Domain", "Randomizer.Domain\Randomizer.Domain.csproj", "{5500A412-A7C3-4E03-970E-2B7B1C1E3C24}"
EndProject
Project("{9A19103F-16F7-4668-BE54-9A1E7A4F7556}") = "Randomizer.Application", "Randomizer.Application\Randomizer.Application.csproj", "{FEA73CB6-8053-4088-BBE4-51B83C4347A2}"
EndProject
Project("{9A19103F-16F7-4668-BE54-9A1E7A4F7556}") = "Randomizer.Common", "Randomizer.Common\Randomizer.Common.csproj", "{9D8E5E65-8AFA-4641-9633-E4109D252725}"
EndProject
Project("{9A19103F-16F7-4668-BE54-9A1E7A4F7556}") = "Randomizer.Infrastructure", "Randomizer.Infrastructure\Randomizer.Infrastructure.csproj", "{9F2F0793-3B51-4702-A60C-575368A8D74D}"
EndProject
Project("{9A19103F-16F7-4668-BE54-9A1E7A4F7556}") = "LocalDebugging", "LocalDebugging\LocalDebugging.csproj", "{5021486F-807A-48C2-BF77-52F66B1055A4}"
EndProject
Project("{9A19103F-16F7-4668-BE54-9A1E7A4F7556}") = "Randomizer.Api", "Randomizer.Api\Randomizer.Api.csproj", "{55E75144-1741-409F-ABFD-DC27DBC3580E}"
EndProject
Project("{9A19103F-16F7-4668-BE54-9A1E7A4F7556}") = "Randomizer.Persistence", "Randomizer.Persistence\Randomizer.Persistence.csproj", "{4008C43A-09CF-442B-9B30-7E1A7217D929}"
EndProject
Global
	GlobalSection(SolutionConfigurationPlatforms) = preSolution
		Debug|Any CPU = Debug|Any CPU
		Release|Any CPU = Release|Any CPU
	EndGlobalSection
	GlobalSection(ProjectConfigurationPlatforms) = postSolution
		{5500A412-A7C3-4E03-970E-2B7B1C1E3C24}.Debug|Any CPU.ActiveCfg = Debug|Any CPU
		{5500A412-A7C3-4E03-970E-2B7B1C1E3C24}.Debug|Any CPU.Build.0 = Debug|Any CPU
		{5500A412-A7C3-4E03-970E-2B7B1C1E3C24}.Release|Any CPU.ActiveCfg = Release|Any CPU
		{5500A412-A7C3-4E03-970E-2B7B1C1E3C24}.Release|Any CPU.Build.0 = Release|Any CPU
		{FEA73CB6-8053-4088-BBE4-51B83C4347A2}.Debug|Any CPU.ActiveCfg = Debug|Any CPU
		{FEA73CB6-8053-4088-BBE4-51B83C4347A2}.Debug|Any CPU.Build.0 = Debug|Any CPU
		{FEA73CB6-8053-4088-BBE4-51B83C4347A2}.Release|Any CPU.ActiveCfg = Release|Any CPU
		{FEA73CB6-8053-4088-BBE4-51B83C4347A2}.Release|Any CPU.Build.0 = Release|Any CPU
		{9D8E5E65-8AFA-4641-9633-E4109D252725}.Debug|Any CPU.ActiveCfg = Debug|Any CPU
		{9D8E5E65-8AFA-4641-9633-E4109D252725}.Debug|Any CPU.Build.0 = Debug|Any CPU
		{9D8E5E65-8AFA-4641-9633-E4109D252725}.Release|Any CPU.ActiveCfg = Release|Any CPU
		{9D8E5E65-8AFA-4641-9633-E4109D252725}.Release|Any CPU.Build.0 = Release|Any CPU
		{9F2F0793-3B51-4702-A60C-575368A8D74D}.Debug|Any CPU.ActiveCfg = Debug|Any CPU
		{9F2F0793-3B51-4702-A60C-575368A8D74D}.Debug|Any CPU.Build.0 = Debug|Any CPU
		{9F2F0793-3B51-4702-A60C-575368A8D74D}.Release|Any CPU.ActiveCfg = Release|Any CPU
		{9F2F0793-3B51-4702-A60C-575368A8D74D}.Release|Any CPU.Build.0 = Release|Any CPU
		{5021486F-807A-48C2-BF77-52F66B1055A4}.Debug|Any CPU.ActiveCfg = Debug|Any CPU
		{5021486F-807A-48C2-BF77-52F66B1055A4}.Debug|Any CPU.Build.0 = Debug|Any CPU
		{5021486F-807A-48C2-BF77-52F66B1055A4}.Release|Any CPU.ActiveCfg = Release|Any CPU
		{5021486F-807A-48C2-BF77-52F66B1055A4}.Release|Any CPU.Build.0 = Release|Any CPU
		{55E75144-1741-409F-ABFD-DC27DBC3580E}.Debug|Any CPU.ActiveCfg = Debug|Any CPU
		{55E75144-1741-409F-ABFD-DC27DBC3580E}.Debug|Any CPU.Build.0 = Debug|Any CPU
		{55E75144-1741-409F-ABFD-DC27DBC3580E}.Release|Any CPU.ActiveCfg = Release|Any CPU
		{55E75144-1741-409F-ABFD-DC27DBC3580E}.Release|Any CPU.Build.0 = Release|Any CPU
		{4008C43A-09CF-442B-9B30-7E1A7217D929}.Debug|Any CPU.ActiveCfg = Debug|Any CPU
		{4008C43A-09CF-442B-9B30-7E1A7217D929}.Debug|Any CPU.Build.0 = Debug|Any CPU
		{4008C43A-09CF-442B-9B30-7E1A7217D929}.Release|Any CPU.ActiveCfg = Release|Any CPU
		{4008C43A-09CF-442B-9B30-7E1A7217D929}.Release|Any CPU.Build.0 = Release|Any CPU
	EndGlobalSection
	GlobalSection(SolutionProperties) = preSolution
		HideSolutionNode = FALSE
	EndGlobalSection
	GlobalSection(ExtensibilityGlobals) = postSolution
		SolutionGuid = {F011BEA2-0653-4E46-9FA6-3DB2454FF6C1}
	EndGlobalSection
EndGlobal
